# generated by rye
# use `rye lock` or `rye sync` to update this lockfile
#
# last locked with the following flags:
#   pre: false
#   features: []
#   all-features: false
#   with-sources: false
#   generate-hashes: false
#   universal: false

-e file:.
annotated-types==0.7.0
    # via pydantic
anyio==4.4.0
    # via starlette
certifi==2024.7.4
    # via requests
charset-normalizer==3.3.2
    # via requests
click==8.1.7
    # via uvicorn
embedapi @ git+https://github.com/ampdot-io/embedapi@f72adba8f6cfe9884eca4db053348e5cf9ed6f17
    # via embed-server
fastapi==0.112.2
    # via embed-server
filelock==3.15.4
    # via huggingface-hub
    # via torch
    # via transformers
fsspec==2024.6.1
    # via huggingface-hub
    # via torch
h11==0.14.0
    # via uvicorn
huggingface-hub==0.24.6
    # via sentence-transformers
    # via tokenizers
    # via transformers
idna==3.8
    # via anyio
    # via requests
jinja2==3.1.4
    # via torch
joblib==1.4.2
    # via scikit-learn
markupsafe==2.1.5
    # via jinja2
more-itertools==9.1.0
    # via embed-server
mpmath==1.3.0
    # via sympy
msgpack==1.0.8
    # via embed-server
networkx==3.3
    # via torch
numpy==2.1.0
    # via scikit-learn
    # via scipy
    # via sentence-transformers
    # via transformers
packaging==24.1
    # via huggingface-hub
    # via transformers
pillow==10.4.0
    # via sentence-transformers
pydantic==2.8.2
    # via fastapi
pydantic-core==2.20.1
    # via pydantic
pyyaml==6.0.2
    # via huggingface-hub
    # via transformers
regex==2024.7.24
    # via transformers
requests==2.32.3
    # via huggingface-hub
    # via transformers
safetensors==0.4.4
    # via transformers
scikit-learn==1.5.1
    # via sentence-transformers
scipy==1.14.1
    # via scikit-learn
    # via sentence-transformers
sentence-transformers==2.5.1
    # via embed-server
sniffio==1.3.1
    # via anyio
sqlitedict==2.1.0
    # via embed-server
starlette==0.38.2
    # via fastapi
sympy==1.13.2
    # via torch
threadpoolctl==3.5.0
    # via scikit-learn
tokenizers==0.19.1
    # via transformers
torch==2.4.0
    # via sentence-transformers
tqdm==4.66.5
    # via huggingface-hub
    # via sentence-transformers
    # via transformers
transformers==4.44.2
    # via sentence-transformers
typing-extensions==4.12.2
    # via fastapi
    # via huggingface-hub
    # via pydantic
    # via pydantic-core
    # via torch
urllib3==2.2.2
    # via requests
uvicorn==0.30.6
    # via embed-server
